// !$*UTF8*$!
{
	archiveVersion = 1;
	classes = {
	};
	objectVersion = 77;
	objects = {

/* Begin PBXBuildFile section */
		B04657192DAAA9E500F1AAAA /* Preview Assets.xcassets in Resources */ = {isa = PBXBuildFile; fileRef = B04657132DAAA9E500F1AAAA /* Preview Assets.xcassets */; };
		B046571A2DAAA9E500F1AAAA /* Assets.xcassets in Resources */ = {isa = PBXBuildFile; fileRef = B04657152DAAA9E500F1AAAA /* Assets.xcassets */; };
		B046571B2DAAA9E500F1AAAA /* ContentView.swift in Sources */ = {isa = PBXBuildFile; fileRef = B04657162DAAA9E500F1AAAA /* ContentView.swift */; };
		B046571C2DAAA9E500F1AAAA /* SwiftUI_StudyHubApp.swift in Sources */ = {isa = PBXBuildFile; fileRef = B04657172DAAA9E500F1AAAA /* SwiftUI_StudyHubApp.swift */; };
		B046571F2DAAB4AD00F1AAAA /* Font24_bold.swift in Sources */ = {isa = PBXBuildFile; fileRef = B046571E2DAAB4AD00F1AAAA /* Font24_bold.swift */; };
		B0B5EF442DCCE414009A81C2 /* TextFieldView.swift in Sources */ = {isa = PBXBuildFile; fileRef = B0B5EF432DCCE414009A81C2 /* TextFieldView.swift */; };
/* End PBXBuildFile section */

/* Begin PBXFileReference section */
		B04657022DAAA9CE00F1AAAA /* SwiftUI-StudyHub.app */ = {isa = PBXFileReference; explicitFileType = wrapper.application; includeInIndex = 0; path = "SwiftUI-StudyHub.app"; sourceTree = BUILT_PRODUCTS_DIR; };
		B04657132DAAA9E500F1AAAA /* Preview Assets.xcassets */ = {isa = PBXFileReference; lastKnownFileType = folder.assetcatalog; path = "Preview Assets.xcassets"; sourceTree = "<group>"; };
		B04657152DAAA9E500F1AAAA /* Assets.xcassets */ = {isa = PBXFileReference; lastKnownFileType = folder.assetcatalog; path = Assets.xcassets; sourceTree = "<group>"; };
		B04657162DAAA9E500F1AAAA /* ContentView.swift */ = {isa = PBXFileReference; lastKnownFileType = sourcecode.swift; path = ContentView.swift; sourceTree = "<group>"; };
		B04657172DAAA9E500F1AAAA /* SwiftUI_StudyHubApp.swift */ = {isa = PBXFileReference; lastKnownFileType = sourcecode.swift; path = SwiftUI_StudyHubApp.swift; sourceTree = "<group>"; };
		B046571E2DAAB4AD00F1AAAA /* Font24_bold.swift */ = {isa = PBXFileReference; lastKnownFileType = sourcecode.swift; path = Font24_bold.swift; sourceTree = "<group>"; };
		B0B5EF432DCCE414009A81C2 /* TextFieldView.swift */ = {isa = PBXFileReference; lastKnownFileType = sourcecode.swift; path = TextFieldView.swift; sourceTree = "<group>"; };
/* End PBXFileReference section */

/* Begin PBXFrameworksBuildPhase section */
		B04656FF2DAAA9CE00F1AAAA /* Frameworks */ = {
			isa = PBXFrameworksBuildPhase;
			buildActionMask = 2147483647;
			files = (
			);
			runOnlyForDeploymentPostprocessing = 0;
		};
/* End PBXFrameworksBuildPhase section */

/* Begin PBXGroup section */
		B04656F92DAAA9CE00F1AAAA = {
			isa = PBXGroup;
			children = (
				B04657182DAAA9E500F1AAAA /* SwiftUI-StudyHub */,
				B04657032DAAA9CE00F1AAAA /* Products */,
			);
			sourceTree = "<group>";
		};
		B04657032DAAA9CE00F1AAAA /* Products */ = {
			isa = PBXGroup;
			children = (
				B04657022DAAA9CE00F1AAAA /* SwiftUI-StudyHub.app */,
			);
			name = Products;
			sourceTree = "<group>";
		};
		B04657142DAAA9E500F1AAAA /* Preview Content */ = {
			isa = PBXGroup;
			children = (
				B04657132DAAA9E500F1AAAA /* Preview Assets.xcassets */,
			);
			path = "Preview Content";
			sourceTree = "<group>";
		};
		B04657182DAAA9E500F1AAAA /* SwiftUI-StudyHub */ = {
			isa = PBXGroup;
			children = (
				B046571D2DAAB49000F1AAAA /* Font+Modifier */,
				B04657142DAAA9E500F1AAAA /* Preview Content */,
				B04657152DAAA9E500F1AAAA /* Assets.xcassets */,
				B04657162DAAA9E500F1AAAA /* ContentView.swift */,
				B04657172DAAA9E500F1AAAA /* SwiftUI_StudyHubApp.swift */,
				B0B5EF432DCCE414009A81C2 /* TextFieldView.swift */,
			);
			path = "SwiftUI-StudyHub";
			sourceTree = "<group>";
		};
		B046571D2DAAB49000F1AAAA /* Font+Modifier */ = {
			isa = PBXGroup;
			children = (
				B046571E2DAAB4AD00F1AAAA /* Font24_bold.swift */,
			);
			path = "Font+Modifier";
			sourceTree = "<group>";
		};
/* End PBXGroup section */

/* Begin PBXNativeTarget section */
		B04657012DAAA9CE00F1AAAA /* SwiftUI-StudyHub */ = {
			isa = PBXNativeTarget;
			buildConfigurationList = B04657102DAAA9D000F1AAAA /* Build configuration list for PBXNativeTarget "SwiftUI-StudyHub" */;
			buildPhases = (
				B04656FE2DAAA9CE00F1AAAA /* Sources */,
				B04656FF2DAAA9CE00F1AAAA /* Frameworks */,
				B04657002DAAA9CE00F1AAAA /* Resources */,
			);
			buildRules = (
			);
			dependencies = (
			);
			name = "SwiftUI-StudyHub";
			packageProductDependencies = (
			);
			productName = "SwiftUI-StudyHub";
			productReference = B04657022DAAA9CE00F1AAAA /* SwiftUI-StudyHub.app */;
			productType = "com.apple.product-type.application";
		};
/* End PBXNativeTarget section */

/* Begin PBXProject section */
		B04656FA2DAAA9CE00F1AAAA /* Project object */ = {
			isa = PBXProject;
			attributes = {
				BuildIndependentTargetsInParallel = 1;
				LastSwiftUpdateCheck = 1610;
				LastUpgradeCheck = 1610;
				TargetAttributes = {
					B04657012DAAA9CE00F1AAAA = {
						CreatedOnToolsVersion = 16.1;
					};
				};
			};
			buildConfigurationList = B04656FD2DAAA9CE00F1AAAA /* Build configuration list for PBXProject "SwiftUI-StudyHub" */;
			developmentRegion = en;
			hasScannedForEncodings = 0;
			knownRegions = (
				en,
				Base,
			);
			mainGroup = B04656F92DAAA9CE00F1AAAA;
			minimizedProjectReferenceProxies = 1;
			preferredProjectObjectVersion = 77;
			productRefGroup = B04657032DAAA9CE00F1AAAA /* Products */;
			projectDirPath = "";
			projectRoot = "";
			targets = (
				B04657012DAAA9CE00F1AAAA /* SwiftUI-StudyHub */,
			);
		};
/* End PBXProject section */

/* Begin PBXResourcesBuildPhase section */
		B04657002DAAA9CE00F1AAAA /* Resources */ = {
			isa = PBXResourcesBuildPhase;
			buildActionMask = 2147483647;
			files = (
				B04657192DAAA9E500F1AAAA /* Preview Assets.xcassets in Resources */,
				B046571A2DAAA9E500F1AAAA /* Assets.xcassets in Resources */,
			);
			runOnlyForDeploymentPostprocessing = 0;
		};
/* End PBXResourcesBuildPhase section */

/* Begin PBXSourcesBuildPhase section */
		B04656FE2DAAA9CE00F1AAAA /* Sources */ = {
			isa = PBXSourcesBuildPhase;
			buildActionMask = 2147483647;
			files = (
				B046571F2DAAB4AD00F1AAAA /* Font24_bold.swift in Sources */,
				B046571B2DAAA9E500F1AAAA /* ContentView.swift in Sources */,
				B0B5EF442DCCE414009A81C2 /* TextFieldView.swift in Sources */,
				B046571C2DAAA9E500F1AAAA /* SwiftUI_StudyHubApp.swift in Sources */,
			);
			runOnlyForDeploymentPostprocessing = 0;
		};
/* End PBXSourcesBuildPhase section */

/* Begin XCBuildConfiguration section */
		B046570E2DAAA9D000F1AAAA /* Debug */ = {
			isa = XCBuildConfiguration;
			buildSettings = {
				ALWAYS_SEARCH_USER_PATHS = NO;
				ASSETCATALOG_COMPILER_GENERATE_SWIFT_ASSET_SYMBOL_EXTENSIONS = YES;
				CLANG_ANALYZER_NONNULL = YES;
				CLANG_ANALYZER_NUMBER_OBJECT_CONVERSION = YES_AGGRESSIVE;
				CLANG_CXX_LANGUAGE_STANDARD = "gnu++20";
				CLANG_ENABLE_MODULES = YES;
				CLANG_ENABLE_OBJC_ARC = YES;
				CLANG_ENABLE_OBJC_WEAK = YES;
				CLANG_WARN_BLOCK_CAPTURE_AUTORELEASING = YES;
				CLANG_WARN_BOOL_CONVERSION = YES;
				CLANG_WARN_COMMA = YES;
				CLANG_WARN_CONSTANT_CONVERSION = YES;
				CLANG_WARN_DEPRECATED_OBJC_IMPLEMENTATIONS = YES;
				CLANG_WARN_DIRECT_OBJC_ISA_USAGE = YES_ERROR;
				CLANG_WARN_DOCUMENTATION_COMMENTS = YES;
				CLANG_WARN_EMPTY_BODY = YES;
				CLANG_WARN_ENUM_CONVERSION = YES;
				CLANG_WARN_INFINITE_RECURSION = YES;
				CLANG_WARN_INT_CONVERSION = YES;
				CLANG_WARN_NON_LITERAL_NULL_CONVERSION = YES;
				CLANG_WARN_OBJC_IMPLICIT_RETAIN_SELF = YES;
				CLANG_WARN_OBJC_LITERAL_CONVERSION = YES;
				CLANG_WARN_OBJC_ROOT_CLASS = YES_ERROR;
				CLANG_WARN_QUOTED_INCLUDE_IN_FRAMEWORK_HEADER = YES;
				CLANG_WARN_RANGE_LOOP_ANALYSIS = YES;
				CLANG_WARN_STRICT_PROTOTYPES = YES;
				CLANG_WARN_SUSPICIOUS_MOVE = YES;
				CLANG_WARN_UNGUARDED_AVAILABILITY = YES_AGGRESSIVE;
				CLANG_WARN_UNREACHABLE_CODE = YES;
				CLANG_WARN__DUPLICATE_METHOD_MATCH = YES;
				COPY_PHASE_STRIP = NO;
				DEBUG_INFORMATION_FORMAT = dwarf;
				ENABLE_STRICT_OBJC_MSGSEND = YES;
				ENABLE_TESTABILITY = YES;
				ENABLE_USER_SCRIPT_SANDBOXING = YES;
				GCC_C_LANGUAGE_STANDARD = gnu17;
				GCC_DYNAMIC_NO_PIC = NO;
				GCC_NO_COMMON_BLOCKS = YES;
				GCC_OPTIMIZATION_LEVEL = 0;
				GCC_PREPROCESSOR_DEFINITIONS = (
					"DEBUG=1",
					"$(inherited)",
				);
				GCC_WARN_64_TO_32_BIT_CONVERSION = YES;
				GCC_WARN_ABOUT_RETURN_TYPE = YES_ERROR;
				GCC_WARN_UNDECLARED_SELECTOR = YES;
				GCC_WARN_UNINITIALIZED_AUTOS = YES_AGGRESSIVE;
				GCC_WARN_UNUSED_FUNCTION = YES;
				GCC_WARN_UNUSED_VARIABLE = YES;
				IPHONEOS_DEPLOYMENT_TARGET = 18.1;
				LOCALIZATION_PREFERS_STRING_CATALOGS = YES;
				MTL_ENABLE_DEBUG_INFO = INCLUDE_SOURCE;
				MTL_FAST_MATH = YES;
				ONLY_ACTIVE_ARCH = YES;
				SDKROOT = iphoneos;
				SWIFT_ACTIVE_COMPILATION_CONDITIONS = "DEBUG $(inherited)";
				SWIFT_OPTIMIZATION_LEVEL = "-Onone";
			};
			name = Debug;
		};
		B046570F2DAAA9D000F1AAAA /* Release */ = {
			isa = XCBuildConfiguration;
			buildSettings = {
				ALWAYS_SEARCH_USER_PATHS = NO;
				ASSETCATALOG_COMPILER_GENERATE_SWIFT_ASSET_SYMBOL_EXTENSIONS = YES;
				CLANG_ANALYZER_NONNULL = YES;
				CLANG_ANALYZER_NUMBER_OBJECT_CONVERSION = YES_AGGRESSIVE;
				CLANG_CXX_LANGUAGE_STANDARD = "gnu++20";
				CLANG_ENABLE_MODULES = YES;
				CLANG_ENABLE_OBJC_ARC = YES;
				CLANG_ENABLE_OBJC_WEAK = YES;
				CLANG_WARN_BLOCK_CAPTURE_AUTORELEASING = YES;
				CLANG_WARN_BOOL_CONVERSION = YES;
				CLANG_WARN_COMMA = YES;
				CLANG_WARN_CONSTANT_CONVERSION = YES;
				CLANG_WARN_DEPRECATED_OBJC_IMPLEMENTATIONS = YES;
				CLANG_WARN_DIRECT_OBJC_ISA_USAGE = YES_ERROR;
				CLANG_WARN_DOCUMENTATION_COMMENTS = YES;
				CLANG_WARN_EMPTY_BODY = YES;
				CLANG_WARN_ENUM_CONVERSION = YES;
				CLANG_WARN_INFINITE_RECURSION = YES;
				CLANG_WARN_INT_CONVERSION = YES;
				CLANG_WARN_NON_LITERAL_NULL_CONVERSION = YES;
				CLANG_WARN_OBJC_IMPLICIT_RETAIN_SELF = YES;
				CLANG_WARN_OBJC_LITERAL_CONVERSION = YES;
				CLANG_WARN_OBJC_ROOT_CLASS = YES_ERROR;
				CLANG_WARN_QUOTED_INCLUDE_IN_FRAMEWORK_HEADER = YES;
				CLANG_WARN_RANGE_LOOP_ANALYSIS = YES;
				CLANG_WARN_STRICT_PROTOTYPES = YES;
				CLANG_WARN_SUSPICIOUS_MOVE = YES;
				CLANG_WARN_UNGUARDED_AVAILABILITY = YES_AGGRESSIVE;
				CLANG_WARN_UNREACHABLE_CODE = YES;
				CLANG_WARN__DUPLICATE_METHOD_MATCH = YES;
				COPY_PHASE_STRIP = NO;
				DEBUG_INFORMATION_FORMAT = "dwarf-with-dsym";
				ENABLE_NS_ASSERTIONS = NO;
				ENABLE_STRICT_OBJC_MSGSEND = YES;
				ENABLE_USER_SCRIPT_SANDBOXING = YES;
				GCC_C_LANGUAGE_STANDARD = gnu17;
				GCC_NO_COMMON_BLOCKS = YES;
				GCC_WARN_64_TO_32_BIT_CONVERSION = YES;
				GCC_WARN_ABOUT_RETURN_TYPE = YES_ERROR;
				GCC_WARN_UNDECLARED_SELECTOR = YES;
				GCC_WARN_UNINITIALIZED_AUTOS = YES_AGGRESSIVE;
				GCC_WARN_UNUSED_FUNCTION = YES;
				GCC_WARN_UNUSED_VARIABLE = YES;
				IPHONEOS_DEPLOYMENT_TARGET = 18.1;
				LOCALIZATION_PREFERS_STRING_CATALOGS = YES;
				MTL_ENABLE_DEBUG_INFO = NO;
				MTL_FAST_MATH = YES;
				SDKROOT = iphoneos;
				SWIFT_COMPILATION_MODE = wholemodule;
				VALIDATE_PRODUCT = YES;
			};
			name = Release;
		};
		B04657112DAAA9D000F1AAAA /* Debug */ = {
			isa = XCBuildConfiguration;
			buildSettings = {
				ASSETCATALOG_COMPILER_APPICON_NAME = AppIcon;
				ASSETCATALOG_COMPILER_GLOBAL_ACCENT_COLOR_NAME = AccentColor;
				CODE_SIGN_STYLE = Automatic;
				CURRENT_PROJECT_VERSION = 1;
				DEVELOPMENT_ASSET_PATHS = "\"SwiftUI-StudyHub/Preview Content\"";
				DEVELOPMENT_TEAM = SCD58U4SPR;
				ENABLE_PREVIEWS = YES;
				GENERATE_INFOPLIST_FILE = YES;
				INFOPLIST_KEY_UIApplicationSceneManifest_Generation = YES;
				INFOPLIST_KEY_UIApplicationSupportsIndirectInputEvents = YES;
				INFOPLIST_KEY_UILaunchScreen_Generation = YES;
				INFOPLIST_KEY_UISupportedInterfaceOrientations_iPad = "UIInterfaceOrientationPortrait UIInterfaceOrientationPortraitUpsideDown UIInterfaceOrientationLandscapeLeft UIInterfaceOrientationLandscapeRight";
				INFOPLIST_KEY_UISupportedInterfaceOrientations_iPhone = "UIInterfaceOrientationPortrait UIInterfaceOrientationLandscapeLeft UIInterfaceOrientationLandscapeRight";
				IPHONEOS_DEPLOYMENT_TARGET = 15.6;
				LD_RUNPATH_SEARCH_PATHS = (
					"$(inherited)",
					"@executable_path/Frameworks",
				);
				MARKETING_VERSION = 1.0;
				PRODUCT_BUNDLE_IDENTIFIER = "com.DevChoi.SwiftUI-StudyHub";
				PRODUCT_NAME = "$(TARGET_NAME)";
				SWIFT_EMIT_LOC_STRINGS = YES;
				SWIFT_VERSION = 5.0;
				TARGETED_DEVICE_FAMILY = "1,2";
			};
			name = Debug;
		};
		B04657122DAAA9D000F1AAAA /* Release */ = {
			isa = XCBuildConfiguration;
			buildSettings = {
				ASSETCATALOG_COMPILER_APPICON_NAME = AppIcon;
				ASSETCATALOG_COMPILER_GLOBAL_ACCENT_COLOR_NAME = AccentColor;
				CODE_SIGN_STYLE = Automatic;
				CURRENT_PROJECT_VERSION = 1;
				DEVELOPMENT_ASSET_PATHS = "\"SwiftUI-StudyHub/Preview Content\"";
				DEVELOPMENT_TEAM = SCD58U4SPR;
				ENABLE_PREVIEWS = YES;
				GENERATE_INFOPLIST_FILE = YES;
				INFOPLIST_KEY_UIApplicationSceneManifest_Generation = YES;
				INFOPLIST_KEY_UIApplicationSupportsIndirectInputEvents = YES;
				INFOPLIST_KEY_UILaunchScreen_Generation = YES;
				INFOPLIST_KEY_UISupportedInterfaceOrientations_iPad = "UIInterfaceOrientationPortrait UIInterfaceOrientationPortraitUpsideDown UIInterfaceOrientationLandscapeLeft UIInterfaceOrientationLandscapeRight";
				INFOPLIST_KEY_UISupportedInterfaceOrientations_iPhone = "UIInterfaceOrientationPortrait UIInterfaceOrientationLandscapeLeft UIInterfaceOrientationLandscapeRight";
				IPHONEOS_DEPLOYMENT_TARGET = 15.6;
				LD_RUNPATH_SEARCH_PATHS = (
					"$(inherited)",
					"@executable_path/Frameworks",
				);
				MARKETING_VERSION = 1.0;
				PRODUCT_BUNDLE_IDENTIFIER = "com.DevChoi.SwiftUI-StudyHub";
				PRODUCT_NAME = "$(TARGET_NAME)";
				SWIFT_EMIT_LOC_STRINGS = YES;
				SWIFT_VERSION = 5.0;
				TARGETED_DEVICE_FAMILY = "1,2";
			};
			name = Release;
		};
/* End XCBuildConfiguration section */

/* Begin XCConfigurationList section */
		B04656FD2DAAA9CE00F1AAAA /* Build configuration list for PBXProject "SwiftUI-StudyHub" */ = {
			isa = XCConfigurationList;
			buildConfigurations = (
				B046570E2DAAA9D000F1AAAA /* Debug */,
				B046570F2DAAA9D000F1AAAA /* Release */,
			);
			defaultConfigurationIsVisible = 0;
			defaultConfigurationName = Release;
		};
		B04657102DAAA9D000F1AAAA /* Build configuration list for PBXNativeTarget "SwiftUI-StudyHub" */ = {
			isa = XCConfigurationList;
			buildConfigurations = (
				B04657112DAAA9D000F1AAAA /* Debug */,
				B04657122DAAA9D000F1AAAA /* Release */,
			);
			defaultConfigurationIsVisible = 0;
			defaultConfigurationName = Release;
		};
/* End XCConfigurationList section */
	};
	rootObject = B04656FA2DAAA9CE00F1AAAA /* Project object */;
}
